
Microsoft Visual Studio Solution File, Format Version 12.00
# Visual Studio Version 17
VisualStudioVersion = 17.8.34408.163
MinimumVisualStudioVersion = 10.0.40219.1
Project("{FAE04EC0-301F-11D3-BF4B-00C04F79EFBC}") = "Space Invaders", "Space Invaders\Space Invaders.csproj", "{4ADC946C-3E33-4187-9D89-7B8A01D0D68D}"
EndProject
Global
	GlobalSection(SolutionConfigurationPlatforms) = preSolution
		Debug|x64 = Debug|x64
	EndGlobalSection
	GlobalSection(ProjectConfigurationPlatforms) = postSolution
		{4ADC946C-3E33-4187-9D89-7B8A01D0D68D}.Debug|x64.ActiveCfg = Debug|x64
		{4ADC946C-3E33-4187-9D89-7B8A01D0D68D}.Debug|x64.Build.0 = Debug|x64
	EndGlobalSection
	GlobalSection(SolutionProperties) = preSolution
		HideSolutionNode = FALSE
	EndGlobalSection
	GlobalSection(ExtensibilityGlobals) = postSolution
		SolutionGuid = {2C8A1801-9DA7-434F-AFA6-6D8082F85BE1}
	EndGlobalSection
EndGlobal
